// !$*UTF8*$!
{
	archiveVersion = 1;
	classes = {
	};
	objectVersion = 56;
	objects = {

/* Begin PBXBuildFile section */
		60294E6B2B67275F00FD4172 /* SplashScreenView.swift in Sources */ = {isa = PBXBuildFile; fileRef = 60294E6A2B67275F00FD4172 /* SplashScreenView.swift */; };
		60294E6E2B6727C600FD4172 /* Lottie in Frameworks */ = {isa = PBXBuildFile; productRef = 60294E6D2B6727C600FD4172 /* Lottie */; };
		60294E702B67285300FD4172 /* Splash.json in Resources */ = {isa = PBXBuildFile; fileRef = 60294E6F2B67285300FD4172 /* Splash.json */; };
		6050F2DC2B4AE62C008F30DE /* LocationManager.swift in Sources */ = {isa = PBXBuildFile; fileRef = 6050F2DB2B4AE62C008F30DE /* LocationManager.swift */; };
		605D54A02B67F61800A6A337 /* OnboardingView.swift in Sources */ = {isa = PBXBuildFile; fileRef = 605D549F2B67F61800A6A337 /* OnboardingView.swift */; };
		605D54A32B67F64500A6A337 /* UIOnboarding in Frameworks */ = {isa = PBXBuildFile; productRef = 605D54A22B67F64500A6A337 /* UIOnboarding */; };
		605D54A52B67F65200A6A337 /* UIOnboarding in Frameworks */ = {isa = PBXBuildFile; productRef = 605D54A42B67F65200A6A337 /* UIOnboarding */; };
		605D54A92B67F7BC00A6A337 /* UIOnboardingHelper.swift in Sources */ = {isa = PBXBuildFile; fileRef = 605D54A82B67F7BC00A6A337 /* UIOnboardingHelper.swift */; };
		609099582B686D0A00F7A577 /* InfoPageView.swift in Sources */ = {isa = PBXBuildFile; fileRef = 609099572B686D0A00F7A577 /* InfoPageView.swift */; };
		60E9B31A2B67BA2600DE7650 /* Splash-White.json in Resources */ = {isa = PBXBuildFile; fileRef = 60E9B3192B67BA2600DE7650 /* Splash-White.json */; };
		60E9B3262B67C3D500DE7650 /* Kalp-2.json in Resources */ = {isa = PBXBuildFile; fileRef = 60E9B3252B67C3D500DE7650 /* Kalp-2.json */; };
		60F120092A322D45009D72E5 /* IBB_Sehir_TuvaletApp.swift in Sources */ = {isa = PBXBuildFile; fileRef = 60F120082A322D45009D72E5 /* IBB_Sehir_TuvaletApp.swift */; };
		60F1200B2A322D45009D72E5 /* ContentView.swift in Sources */ = {isa = PBXBuildFile; fileRef = 60F1200A2A322D45009D72E5 /* ContentView.swift */; };
		60F120102A322D45009D72E5 /* Preview Assets.xcassets in Resources */ = {isa = PBXBuildFile; fileRef = 60F1200F2A322D45009D72E5 /* Preview Assets.xcassets */; };
		60F1201C2A322F83009D72E5 /* LocationsDataService.swift in Sources */ = {isa = PBXBuildFile; fileRef = 60F1201B2A322F83009D72E5 /* LocationsDataService.swift */; };
		60F1201E2A322F8A009D72E5 /* LocationsView.swift in Sources */ = {isa = PBXBuildFile; fileRef = 60F1201D2A322F8A009D72E5 /* LocationsView.swift */; };
		60F120202A322F8F009D72E5 /* LocationsListView.swift in Sources */ = {isa = PBXBuildFile; fileRef = 60F1201F2A322F8F009D72E5 /* LocationsListView.swift */; };
		60F120222A322F93009D72E5 /* LocationPreviewView.swift in Sources */ = {isa = PBXBuildFile; fileRef = 60F120212A322F93009D72E5 /* LocationPreviewView.swift */; };
		60F120242A322F97009D72E5 /* LocationMapAnnotationView.swift in Sources */ = {isa = PBXBuildFile; fileRef = 60F120232A322F97009D72E5 /* LocationMapAnnotationView.swift */; };
		60F120262A322F9B009D72E5 /* LocationDetailView.swift in Sources */ = {isa = PBXBuildFile; fileRef = 60F120252A322F9B009D72E5 /* LocationDetailView.swift */; };
		60F120282A322FA2009D72E5 /* LocationsViewModel.swift in Sources */ = {isa = PBXBuildFile; fileRef = 60F120272A322FA2009D72E5 /* LocationsViewModel.swift */; };
		60F1202A2A322FA7009D72E5 /* Location.swift in Sources */ = {isa = PBXBuildFile; fileRef = 60F120292A322FA7009D72E5 /* Location.swift */; };
		60F1202C2A323330009D72E5 /* Assets.xcassets in Resources */ = {isa = PBXBuildFile; fileRef = 60F1202B2A323330009D72E5 /* Assets.xcassets */; };
/* End PBXBuildFile section */

/* Begin PBXFileReference section */
		60294E6A2B67275F00FD4172 /* SplashScreenView.swift */ = {isa = PBXFileReference; lastKnownFileType = sourcecode.swift; path = SplashScreenView.swift; sourceTree = "<group>"; };
		60294E6F2B67285300FD4172 /* Splash.json */ = {isa = PBXFileReference; fileEncoding = 4; lastKnownFileType = text.json; path = Splash.json; sourceTree = "<group>"; };
		6050F2DB2B4AE62C008F30DE /* LocationManager.swift */ = {isa = PBXFileReference; lastKnownFileType = sourcecode.swift; path = LocationManager.swift; sourceTree = "<group>"; };
		6050F2DD2B4AE97E008F30DE /* IBB-Sehir-Tuvalet-Info.plist */ = {isa = PBXFileReference; lastKnownFileType = text.plist; path = "IBB-Sehir-Tuvalet-Info.plist"; sourceTree = SOURCE_ROOT; };
		605D549F2B67F61800A6A337 /* OnboardingView.swift */ = {isa = PBXFileReference; lastKnownFileType = sourcecode.swift; path = OnboardingView.swift; sourceTree = "<group>"; };
		605D54A82B67F7BC00A6A337 /* UIOnboardingHelper.swift */ = {isa = PBXFileReference; lastKnownFileType = sourcecode.swift; path = UIOnboardingHelper.swift; sourceTree = "<group>"; };
		609099572B686D0A00F7A577 /* InfoPageView.swift */ = {isa = PBXFileReference; lastKnownFileType = sourcecode.swift; path = InfoPageView.swift; sourceTree = "<group>"; };
		60E9B3192B67BA2600DE7650 /* Splash-White.json */ = {isa = PBXFileReference; fileEncoding = 4; lastKnownFileType = text.json; path = "Splash-White.json"; sourceTree = "<group>"; };
		60E9B3252B67C3D500DE7650 /* Kalp-2.json */ = {isa = PBXFileReference; fileEncoding = 4; lastKnownFileType = text.json; path = "Kalp-2.json"; sourceTree = "<group>"; };
		60F120052A322D45009D72E5 /* IBB Sehir Tuvalet.app */ = {isa = PBXFileReference; explicitFileType = wrapper.application; includeInIndex = 0; path = "IBB Sehir Tuvalet.app"; sourceTree = BUILT_PRODUCTS_DIR; };
		60F120082A322D45009D72E5 /* IBB_Sehir_TuvaletApp.swift */ = {isa = PBXFileReference; lastKnownFileType = sourcecode.swift; path = IBB_Sehir_TuvaletApp.swift; sourceTree = "<group>"; };
		60F1200A2A322D45009D72E5 /* ContentView.swift */ = {isa = PBXFileReference; lastKnownFileType = sourcecode.swift; path = ContentView.swift; sourceTree = "<group>"; };
		60F1200F2A322D45009D72E5 /* Preview Assets.xcassets */ = {isa = PBXFileReference; lastKnownFileType = folder.assetcatalog; path = "Preview Assets.xcassets"; sourceTree = "<group>"; };
		60F1201B2A322F83009D72E5 /* LocationsDataService.swift */ = {isa = PBXFileReference; fileEncoding = 4; lastKnownFileType = sourcecode.swift; path = LocationsDataService.swift; sourceTree = "<group>"; };
		60F1201D2A322F8A009D72E5 /* LocationsView.swift */ = {isa = PBXFileReference; fileEncoding = 4; lastKnownFileType = sourcecode.swift; path = LocationsView.swift; sourceTree = "<group>"; };
		60F1201F2A322F8F009D72E5 /* LocationsListView.swift */ = {isa = PBXFileReference; fileEncoding = 4; lastKnownFileType = sourcecode.swift; path = LocationsListView.swift; sourceTree = "<group>"; };
		60F120212A322F93009D72E5 /* LocationPreviewView.swift */ = {isa = PBXFileReference; fileEncoding = 4; lastKnownFileType = sourcecode.swift; path = LocationPreviewView.swift; sourceTree = "<group>"; };
		60F120232A322F97009D72E5 /* LocationMapAnnotationView.swift */ = {isa = PBXFileReference; fileEncoding = 4; lastKnownFileType = sourcecode.swift; path = LocationMapAnnotationView.swift; sourceTree = "<group>"; };
		60F120252A322F9B009D72E5 /* LocationDetailView.swift */ = {isa = PBXFileReference; fileEncoding = 4; lastKnownFileType = sourcecode.swift; path = LocationDetailView.swift; sourceTree = "<group>"; };
		60F120272A322FA2009D72E5 /* LocationsViewModel.swift */ = {isa = PBXFileReference; fileEncoding = 4; lastKnownFileType = sourcecode.swift; path = LocationsViewModel.swift; sourceTree = "<group>"; };
		60F120292A322FA7009D72E5 /* Location.swift */ = {isa = PBXFileReference; fileEncoding = 4; lastKnownFileType = sourcecode.swift; path = Location.swift; sourceTree = "<group>"; };
		60F1202B2A323330009D72E5 /* Assets.xcassets */ = {isa = PBXFileReference; lastKnownFileType = folder.assetcatalog; path = Assets.xcassets; sourceTree = "<group>"; };
/* End PBXFileReference section */

/* Begin PBXFrameworksBuildPhase section */
		60F120022A322D45009D72E5 /* Frameworks */ = {
			isa = PBXFrameworksBuildPhase;
			buildActionMask = 2147483647;
			files = (
				60294E6E2B6727C600FD4172 /* Lottie in Frameworks */,
				605D54A52B67F65200A6A337 /* UIOnboarding in Frameworks */,
				605D54A32B67F64500A6A337 /* UIOnboarding in Frameworks */,
			);
			runOnlyForDeploymentPostprocessing = 0;
		};
/* End PBXFrameworksBuildPhase section */

/* Begin PBXGroup section */
		60E9B3272B67CAAB00DE7650 /* Lottie */ = {
			isa = PBXGroup;
			children = (
				60294E6F2B67285300FD4172 /* Splash.json */,
				60E9B3252B67C3D500DE7650 /* Kalp-2.json */,
				60E9B3192B67BA2600DE7650 /* Splash-White.json */,
			);
			path = Lottie;
			sourceTree = "<group>";
		};
		60F11FFC2A322D45009D72E5 = {
			isa = PBXGroup;
			children = (
				60F120072A322D45009D72E5 /* IBB Sehir Tuvalet */,
				60F120062A322D45009D72E5 /* Products */,
			);
			sourceTree = "<group>";
		};
		60F120062A322D45009D72E5 /* Products */ = {
			isa = PBXGroup;
			children = (
				60F120052A322D45009D72E5 /* IBB Sehir Tuvalet.app */,
			);
			name = Products;
			sourceTree = "<group>";
		};
		60F120072A322D45009D72E5 /* IBB Sehir Tuvalet */ = {
			isa = PBXGroup;
			children = (
				6050F2DD2B4AE97E008F30DE /* IBB-Sehir-Tuvalet-Info.plist */,
				60F1201A2A322EC2009D72E5 /* Models */,
				60F120192A322EB4009D72E5 /* ViewModels */,
				60F120182A322EAE009D72E5 /* Views */,
				60F120172A322E8A009D72E5 /* DataServices */,
				60F120082A322D45009D72E5 /* IBB_Sehir_TuvaletApp.swift */,
				60F1200A2A322D45009D72E5 /* ContentView.swift */,
				60F1202B2A323330009D72E5 /* Assets.xcassets */,
				60F1200E2A322D45009D72E5 /* Preview Content */,
			);
			path = "IBB Sehir Tuvalet";
			sourceTree = "<group>";
		};
		60F1200E2A322D45009D72E5 /* Preview Content */ = {
			isa = PBXGroup;
			children = (
				60F1200F2A322D45009D72E5 /* Preview Assets.xcassets */,
			);
			path = "Preview Content";
			sourceTree = "<group>";
		};
		60F120172A322E8A009D72E5 /* DataServices */ = {
			isa = PBXGroup;
			children = (
				60E9B3272B67CAAB00DE7650 /* Lottie */,
				60F1201B2A322F83009D72E5 /* LocationsDataService.swift */,
			);
			path = DataServices;
			sourceTree = "<group>";
		};
		60F120182A322EAE009D72E5 /* Views */ = {
			isa = PBXGroup;
			children = (
				60F1201D2A322F8A009D72E5 /* LocationsView.swift */,
				60F1201F2A322F8F009D72E5 /* LocationsListView.swift */,
				60F120232A322F97009D72E5 /* LocationMapAnnotationView.swift */,
				60F120252A322F9B009D72E5 /* LocationDetailView.swift */,
				60F120212A322F93009D72E5 /* LocationPreviewView.swift */,
				60294E6A2B67275F00FD4172 /* SplashScreenView.swift */,
				605D549F2B67F61800A6A337 /* OnboardingView.swift */,
				609099572B686D0A00F7A577 /* InfoPageView.swift */,
			);
			path = Views;
			sourceTree = "<group>";
		};
		60F120192A322EB4009D72E5 /* ViewModels */ = {
			isa = PBXGroup;
			children = (
				60F120272A322FA2009D72E5 /* LocationsViewModel.swift */,
			);
			path = ViewModels;
			sourceTree = "<group>";
		};
		60F1201A2A322EC2009D72E5 /* Models */ = {
			isa = PBXGroup;
			children = (
				60F120292A322FA7009D72E5 /* Location.swift */,
				6050F2DB2B4AE62C008F30DE /* LocationManager.swift */,
				605D54A82B67F7BC00A6A337 /* UIOnboardingHelper.swift */,
			);
			path = Models;
			sourceTree = "<group>";
		};
/* End PBXGroup section */

/* Begin PBXNativeTarget section */
		60F120042A322D45009D72E5 /* IBB Sehir Tuvalet */ = {
			isa = PBXNativeTarget;
			buildConfigurationList = 60F120132A322D45009D72E5 /* Build configuration list for PBXNativeTarget "IBB Sehir Tuvalet" */;
			buildPhases = (
				60F120012A322D45009D72E5 /* Sources */,
				60F120022A322D45009D72E5 /* Frameworks */,
				60F120032A322D45009D72E5 /* Resources */,
			);
			buildRules = (
			);
			dependencies = (
			);
			name = "IBB Sehir Tuvalet";
			packageProductDependencies = (
				60294E6D2B6727C600FD4172 /* Lottie */,
				605D54A22B67F64500A6A337 /* UIOnboarding */,
				605D54A42B67F65200A6A337 /* UIOnboarding */,
			);
			productName = "IBB Sehir Tuvalet";
			productReference = 60F120052A322D45009D72E5 /* IBB Sehir Tuvalet.app */;
			productType = "com.apple.product-type.application";
		};
/* End PBXNativeTarget section */

/* Begin PBXProject section */
		60F11FFD2A322D45009D72E5 /* Project object */ = {
			isa = PBXProject;
			attributes = {
				BuildIndependentTargetsInParallel = 1;
				LastSwiftUpdateCheck = 1420;
				LastUpgradeCheck = 1520;
				TargetAttributes = {
					60F120042A322D45009D72E5 = {
						CreatedOnToolsVersion = 14.2;
					};
				};
			};
			buildConfigurationList = 60F120002A322D45009D72E5 /* Build configuration list for PBXProject "IBB Sehir Tuvalet" */;
			compatibilityVersion = "Xcode 14.0";
			developmentRegion = tr;
			hasScannedForEncodings = 0;
			knownRegions = (
				en,
				Base,
				tr,
			);
			mainGroup = 60F11FFC2A322D45009D72E5;
			packageReferences = (
				60294E6C2B6727C600FD4172 /* XCRemoteSwiftPackageReference "lottie-spm" */,
				605D54A12B67F64500A6A337 /* XCRemoteSwiftPackageReference "UIOnboarding" */,
			);
			productRefGroup = 60F120062A322D45009D72E5 /* Products */;
			projectDirPath = "";
			projectRoot = "";
			targets = (
				60F120042A322D45009D72E5 /* IBB Sehir Tuvalet */,
			);
		};
/* End PBXProject section */

/* Begin PBXResourcesBuildPhase section */
		60F120032A322D45009D72E5 /* Resources */ = {
			isa = PBXResourcesBuildPhase;
			buildActionMask = 2147483647;
			files = (
				60F120102A322D45009D72E5 /* Preview Assets.xcassets in Resources */,
				60294E702B67285300FD4172 /* Splash.json in Resources */,
				60E9B31A2B67BA2600DE7650 /* Splash-White.json in Resources */,
				60F1202C2A323330009D72E5 /* Assets.xcassets in Resources */,
				60E9B3262B67C3D500DE7650 /* Kalp-2.json in Resources */,
			);
			runOnlyForDeploymentPostprocessing = 0;
		};
/* End PBXResourcesBuildPhase section */

/* Begin PBXSourcesBuildPhase section */
		60F120012A322D45009D72E5 /* Sources */ = {
			isa = PBXSourcesBuildPhase;
			buildActionMask = 2147483647;
			files = (
				60F120202A322F8F009D72E5 /* LocationsListView.swift in Sources */,
				609099582B686D0A00F7A577 /* InfoPageView.swift in Sources */,
				60F120242A322F97009D72E5 /* LocationMapAnnotationView.swift in Sources */,
				60F1202A2A322FA7009D72E5 /* Location.swift in Sources */,
				6050F2DC2B4AE62C008F30DE /* LocationManager.swift in Sources */,
				60F120262A322F9B009D72E5 /* LocationDetailView.swift in Sources */,
				60F1200B2A322D45009D72E5 /* ContentView.swift in Sources */,
				60F120282A322FA2009D72E5 /* LocationsViewModel.swift in Sources */,
				60F1201E2A322F8A009D72E5 /* LocationsView.swift in Sources */,
				60F120092A322D45009D72E5 /* IBB_Sehir_TuvaletApp.swift in Sources */,
				60F120222A322F93009D72E5 /* LocationPreviewView.swift in Sources */,
				60F1201C2A322F83009D72E5 /* LocationsDataService.swift in Sources */,
				605D54A92B67F7BC00A6A337 /* UIOnboardingHelper.swift in Sources */,
				605D54A02B67F61800A6A337 /* OnboardingView.swift in Sources */,
				60294E6B2B67275F00FD4172 /* SplashScreenView.swift in Sources */,
			);
			runOnlyForDeploymentPostprocessing = 0;
		};
/* End PBXSourcesBuildPhase section */

/* Begin XCBuildConfiguration section */
		60F120112A322D45009D72E5 /* Debug */ = {
			isa = XCBuildConfiguration;
			buildSettings = {
				ALWAYS_SEARCH_USER_PATHS = NO;
				CLANG_ANALYZER_LOCALIZABILITY_NONLOCALIZED = YES;
				CLANG_ANALYZER_NONNULL = YES;
				CLANG_ANALYZER_NUMBER_OBJECT_CONVERSION = YES_AGGRESSIVE;
				CLANG_CXX_LANGUAGE_STANDARD = "gnu++20";
				CLANG_ENABLE_MODULES = YES;
				CLANG_ENABLE_OBJC_ARC = YES;
				CLANG_ENABLE_OBJC_WEAK = YES;
				CLANG_WARN_BLOCK_CAPTURE_AUTORELEASING = YES;
				CLANG_WARN_BOOL_CONVERSION = YES;
				CLANG_WARN_COMMA = YES;
				CLANG_WARN_CONSTANT_CONVERSION = YES;
				CLANG_WARN_DEPRECATED_OBJC_IMPLEMENTATIONS = YES;
				CLANG_WARN_DIRECT_OBJC_ISA_USAGE = YES_ERROR;
				CLANG_WARN_DOCUMENTATION_COMMENTS = YES;
				CLANG_WARN_EMPTY_BODY = YES;
				CLANG_WARN_ENUM_CONVERSION = YES;
				CLANG_WARN_INFINITE_RECURSION = YES;
				CLANG_WARN_INT_CONVERSION = YES;
				CLANG_WARN_NON_LITERAL_NULL_CONVERSION = YES;
				CLANG_WARN_OBJC_IMPLICIT_RETAIN_SELF = YES;
				CLANG_WARN_OBJC_LITERAL_CONVERSION = YES;
				CLANG_WARN_OBJC_ROOT_CLASS = YES_ERROR;
				CLANG_WARN_QUOTED_INCLUDE_IN_FRAMEWORK_HEADER = YES;
				CLANG_WARN_RANGE_LOOP_ANALYSIS = YES;
				CLANG_WARN_STRICT_PROTOTYPES = YES;
				CLANG_WARN_SUSPICIOUS_MOVE = YES;
				CLANG_WARN_UNGUARDED_AVAILABILITY = YES_AGGRESSIVE;
				CLANG_WARN_UNREACHABLE_CODE = YES;
				CLANG_WARN__DUPLICATE_METHOD_MATCH = YES;
				COPY_PHASE_STRIP = NO;
				DEBUG_INFORMATION_FORMAT = dwarf;
				ENABLE_STRICT_OBJC_MSGSEND = YES;
				ENABLE_TESTABILITY = YES;
				ENABLE_USER_SCRIPT_SANDBOXING = YES;
				GCC_C_LANGUAGE_STANDARD = gnu11;
				GCC_DYNAMIC_NO_PIC = NO;
				GCC_NO_COMMON_BLOCKS = YES;
				GCC_OPTIMIZATION_LEVEL = 0;
				GCC_PREPROCESSOR_DEFINITIONS = (
					"DEBUG=1",
					"$(inherited)",
				);
				GCC_WARN_64_TO_32_BIT_CONVERSION = YES;
				GCC_WARN_ABOUT_RETURN_TYPE = YES_ERROR;
				GCC_WARN_UNDECLARED_SELECTOR = YES;
				GCC_WARN_UNINITIALIZED_AUTOS = YES_AGGRESSIVE;
				GCC_WARN_UNUSED_FUNCTION = YES;
				GCC_WARN_UNUSED_VARIABLE = YES;
				IPHONEOS_DEPLOYMENT_TARGET = 16.0;
				MTL_ENABLE_DEBUG_INFO = INCLUDE_SOURCE;
				MTL_FAST_MATH = YES;
				ONLY_ACTIVE_ARCH = YES;
				SDKROOT = iphoneos;
				SWIFT_ACTIVE_COMPILATION_CONDITIONS = DEBUG;
				SWIFT_OPTIMIZATION_LEVEL = "-Onone";
			};
			name = Debug;
		};
		60F120122A322D45009D72E5 /* Release */ = {
			isa = XCBuildConfiguration;
			buildSettings = {
				ALWAYS_SEARCH_USER_PATHS = NO;
				CLANG_ANALYZER_LOCALIZABILITY_NONLOCALIZED = YES;
				CLANG_ANALYZER_NONNULL = YES;
				CLANG_ANALYZER_NUMBER_OBJECT_CONVERSION = YES_AGGRESSIVE;
				CLANG_CXX_LANGUAGE_STANDARD = "gnu++20";
				CLANG_ENABLE_MODULES = YES;
				CLANG_ENABLE_OBJC_ARC = YES;
				CLANG_ENABLE_OBJC_WEAK = YES;
				CLANG_WARN_BLOCK_CAPTURE_AUTORELEASING = YES;
				CLANG_WARN_BOOL_CONVERSION = YES;
				CLANG_WARN_COMMA = YES;
				CLANG_WARN_CONSTANT_CONVERSION = YES;
				CLANG_WARN_DEPRECATED_OBJC_IMPLEMENTATIONS = YES;
				CLANG_WARN_DIRECT_OBJC_ISA_USAGE = YES_ERROR;
				CLANG_WARN_DOCUMENTATION_COMMENTS = YES;
				CLANG_WARN_EMPTY_BODY = YES;
				CLANG_WARN_ENUM_CONVERSION = YES;
				CLANG_WARN_INFINITE_RECURSION = YES;
				CLANG_WARN_INT_CONVERSION = YES;
				CLANG_WARN_NON_LITERAL_NULL_CONVERSION = YES;
				CLANG_WARN_OBJC_IMPLICIT_RETAIN_SELF = YES;
				CLANG_WARN_OBJC_LITERAL_CONVERSION = YES;
				CLANG_WARN_OBJC_ROOT_CLASS = YES_ERROR;
				CLANG_WARN_QUOTED_INCLUDE_IN_FRAMEWORK_HEADER = YES;
				CLANG_WARN_RANGE_LOOP_ANALYSIS = YES;
				CLANG_WARN_STRICT_PROTOTYPES = YES;
				CLANG_WARN_SUSPICIOUS_MOVE = YES;
				CLANG_WARN_UNGUARDED_AVAILABILITY = YES_AGGRESSIVE;
				CLANG_WARN_UNREACHABLE_CODE = YES;
				CLANG_WARN__DUPLICATE_METHOD_MATCH = YES;
				COPY_PHASE_STRIP = NO;
				DEBUG_INFORMATION_FORMAT = "dwarf-with-dsym";
				ENABLE_NS_ASSERTIONS = NO;
				ENABLE_STRICT_OBJC_MSGSEND = YES;
				ENABLE_USER_SCRIPT_SANDBOXING = YES;
				GCC_C_LANGUAGE_STANDARD = gnu11;
				GCC_NO_COMMON_BLOCKS = YES;
				GCC_WARN_64_TO_32_BIT_CONVERSION = YES;
				GCC_WARN_ABOUT_RETURN_TYPE = YES_ERROR;
				GCC_WARN_UNDECLARED_SELECTOR = YES;
				GCC_WARN_UNINITIALIZED_AUTOS = YES_AGGRESSIVE;
				GCC_WARN_UNUSED_FUNCTION = YES;
				GCC_WARN_UNUSED_VARIABLE = YES;
				IPHONEOS_DEPLOYMENT_TARGET = 16.0;
				MTL_ENABLE_DEBUG_INFO = NO;
				MTL_FAST_MATH = YES;
				ONLY_ACTIVE_ARCH = NO;
				SDKROOT = iphoneos;
				SWIFT_COMPILATION_MODE = wholemodule;
				SWIFT_OPTIMIZATION_LEVEL = "-O";
				VALIDATE_PRODUCT = YES;
			};
			name = Release;
		};
		60F120142A322D45009D72E5 /* Debug */ = {
			isa = XCBuildConfiguration;
			buildSettings = {
				ASSETCATALOG_COMPILER_APPICON_NAME = AppIcon;
				ASSETCATALOG_COMPILER_GLOBAL_ACCENT_COLOR_NAME = AccentColor;
				CODE_SIGN_STYLE = Automatic;
				CURRENT_PROJECT_VERSION = 1;
				DEVELOPMENT_ASSET_PATHS = "\"IBB Sehir Tuvalet/Preview Content\"";
				DEVELOPMENT_TEAM = LKU9ZN4MN9;
				ENABLE_PREVIEWS = YES;
				GENERATE_INFOPLIST_FILE = YES;
				INFOPLIST_FILE = "IBB-Sehir-Tuvalet-Info.plist";
				INFOPLIST_KEY_CFBundleDisplayName = "Şehir Tuvaletleri";
				INFOPLIST_KEY_LSApplicationCategoryType = "public.app-category.healthcare-fitness";
				INFOPLIST_KEY_NSLocationAlwaysAndWhenInUseUsageDescription = "Kullanıcı konumu bulunarak en yakındaki istasyon gösterilir.";
				INFOPLIST_KEY_UIApplicationSceneManifest_Generation = YES;
				INFOPLIST_KEY_UIApplicationSupportsIndirectInputEvents = YES;
				INFOPLIST_KEY_UILaunchScreen_Generation = YES;
				INFOPLIST_KEY_UILaunchStoryboardName = SplashScreenView;
				INFOPLIST_KEY_UISupportedInterfaceOrientations_iPad = "UIInterfaceOrientationPortrait UIInterfaceOrientationPortraitUpsideDown UIInterfaceOrientationLandscapeLeft UIInterfaceOrientationLandscapeRight";
				INFOPLIST_KEY_UISupportedInterfaceOrientations_iPhone = "UIInterfaceOrientationPortrait UIInterfaceOrientationLandscapeLeft UIInterfaceOrientationLandscapeRight";
				IPHONEOS_DEPLOYMENT_TARGET = 16.0;
				LD_RUNPATH_SEARCH_PATHS = (
					"$(inherited)",
					"@executable_path/Frameworks",
				);
				MARKETING_VERSION = 1.0;
				PRODUCT_BUNDLE_IDENTIFIER = "com.semihkesgin.IBB-Sehir-Tuvalet";
				PRODUCT_NAME = "$(TARGET_NAME)";
				SUPPORTED_PLATFORMS = "iphoneos iphonesimulator";
				SUPPORTS_MACCATALYST = NO;
				SUPPORTS_MAC_DESIGNED_FOR_IPHONE_IPAD = YES;
				SWIFT_EMIT_LOC_STRINGS = YES;
				SWIFT_VERSION = 5.0;
				TARGETED_DEVICE_FAMILY = 1;
			};
			name = Debug;
		};
		60F120152A322D45009D72E5 /* Release */ = {
			isa = XCBuildConfiguration;
			buildSettings = {
				ASSETCATALOG_COMPILER_APPICON_NAME = AppIcon;
				ASSETCATALOG_COMPILER_GLOBAL_ACCENT_COLOR_NAME = AccentColor;
				CODE_SIGN_STYLE = Automatic;
				CURRENT_PROJECT_VERSION = 1;
				DEVELOPMENT_ASSET_PATHS = "\"IBB Sehir Tuvalet/Preview Content\"";
				DEVELOPMENT_TEAM = LKU9ZN4MN9;
				ENABLE_PREVIEWS = YES;
				GENERATE_INFOPLIST_FILE = YES;
				INFOPLIST_FILE = "IBB-Sehir-Tuvalet-Info.plist";
				INFOPLIST_KEY_CFBundleDisplayName = "Şehir Tuvaletleri";
				INFOPLIST_KEY_LSApplicationCategoryType = "public.app-category.healthcare-fitness";
				INFOPLIST_KEY_NSLocationAlwaysAndWhenInUseUsageDescription = "Kullanıcı konumu bulunarak en yakındaki istasyon gösterilir.";
				INFOPLIST_KEY_UIApplicationSceneManifest_Generation = YES;
				INFOPLIST_KEY_UIApplicationSupportsIndirectInputEvents = YES;
				INFOPLIST_KEY_UILaunchScreen_Generation = YES;
				INFOPLIST_KEY_UILaunchStoryboardName = SplashScreenView;
				INFOPLIST_KEY_UISupportedInterfaceOrientations_iPad = "UIInterfaceOrientationPortrait UIInterfaceOrientationPortraitUpsideDown UIInterfaceOrientationLandscapeLeft UIInterfaceOrientationLandscapeRight";
				INFOPLIST_KEY_UISupportedInterfaceOrientations_iPhone = "UIInterfaceOrientationPortrait UIInterfaceOrientationLandscapeLeft UIInterfaceOrientationLandscapeRight";
				IPHONEOS_DEPLOYMENT_TARGET = 16.0;
				LD_RUNPATH_SEARCH_PATHS = (
					"$(inherited)",
					"@executable_path/Frameworks",
				);
				MARKETING_VERSION = 1.0;
				PRODUCT_BUNDLE_IDENTIFIER = "com.semihkesgin.IBB-Sehir-Tuvalet";
				PRODUCT_NAME = "$(TARGET_NAME)";
				SUPPORTED_PLATFORMS = "iphoneos iphonesimulator";
				SUPPORTS_MACCATALYST = NO;
				SUPPORTS_MAC_DESIGNED_FOR_IPHONE_IPAD = YES;
				SWIFT_EMIT_LOC_STRINGS = YES;
				SWIFT_VERSION = 5.0;
				TARGETED_DEVICE_FAMILY = 1;
			};
			name = Release;
		};
/* End XCBuildConfiguration section */

/* Begin XCConfigurationList section */
		60F120002A322D45009D72E5 /* Build configuration list for PBXProject "IBB Sehir Tuvalet" */ = {
			isa = XCConfigurationList;
			buildConfigurations = (
				60F120112A322D45009D72E5 /* Debug */,
				60F120122A322D45009D72E5 /* Release */,
			);
			defaultConfigurationIsVisible = 0;
			defaultConfigurationName = Release;
		};
		60F120132A322D45009D72E5 /* Build configuration list for PBXNativeTarget "IBB Sehir Tuvalet" */ = {
			isa = XCConfigurationList;
			buildConfigurations = (
				60F120142A322D45009D72E5 /* Debug */,
				60F120152A322D45009D72E5 /* Release */,
			);
			defaultConfigurationIsVisible = 0;
			defaultConfigurationName = Release;
		};
/* End XCConfigurationList section */

/* Begin XCRemoteSwiftPackageReference section */
		60294E6C2B6727C600FD4172 /* XCRemoteSwiftPackageReference "lottie-spm" */ = {
			isa = XCRemoteSwiftPackageReference;
			repositoryURL = "https://github.com/airbnb/lottie-spm.git";
			requirement = {
				kind = upToNextMajorVersion;
				minimumVersion = 4.4.0;
			};
		};
		605D54A12B67F64500A6A337 /* XCRemoteSwiftPackageReference "UIOnboarding" */ = {
			isa = XCRemoteSwiftPackageReference;
			repositoryURL = "https://github.com/lascic/UIOnboarding.git";
			requirement = {
				kind = upToNextMajorVersion;
				minimumVersion = 2.0.3;
			};
		};
/* End XCRemoteSwiftPackageReference section */

/* Begin XCSwiftPackageProductDependency section */
		60294E6D2B6727C600FD4172 /* Lottie */ = {
			isa = XCSwiftPackageProductDependency;
			package = 60294E6C2B6727C600FD4172 /* XCRemoteSwiftPackageReference "lottie-spm" */;
			productName = Lottie;
		};
		605D54A22B67F64500A6A337 /* UIOnboarding */ = {
			isa = XCSwiftPackageProductDependency;
			package = 605D54A12B67F64500A6A337 /* XCRemoteSwiftPackageReference "UIOnboarding" */;
			productName = UIOnboarding;
		};
		605D54A42B67F65200A6A337 /* UIOnboarding */ = {
			isa = XCSwiftPackageProductDependency;
			package = 605D54A12B67F64500A6A337 /* XCRemoteSwiftPackageReference "UIOnboarding" */;
			productName = UIOnboarding;
		};
/* End XCSwiftPackageProductDependency section */
	};
	rootObject = 60F11FFD2A322D45009D72E5 /* Project object */;
}
